
Microsoft Visual Studio Solution File, Format Version 12.00
# Visual Studio 15
VisualStudioVersion = 15.0.28307.757
MinimumVisualStudioVersion = 10.0.40219.1
Project("{FAE04EC0-301F-11D3-BF4B-00C04F79EFBC}") = "StationeryStore_ADTeam11", "StationeryStore_ADTeam11\StationeryStore_ADTeam11.csproj", "{8F854034-8DBD-4B00-B002-E4A2D2B9E901}"
EndProject
Global
	GlobalSection(SolutionConfigurationPlatforms) = preSolution
		Debug|Any CPU = Debug|Any CPU
		Release|Any CPU = Release|Any CPU
	EndGlobalSection
	GlobalSection(ProjectConfigurationPlatforms) = postSolution
		{8F854034-8DBD-4B00-B002-E4A2D2B9E901}.Debug|Any CPU.ActiveCfg = Debug|Any CPU
		{8F854034-8DBD-4B00-B002-E4A2D2B9E901}.Debug|Any CPU.Build.0 = Debug|Any CPU
		{8F854034-8DBD-4B00-B002-E4A2D2B9E901}.Release|Any CPU.ActiveCfg = Release|Any CPU
		{8F854034-8DBD-4B00-B002-E4A2D2B9E901}.Release|Any CPU.Build.0 = Release|Any CPU
	EndGlobalSection
	GlobalSection(SolutionProperties) = preSolution
		HideSolutionNode = FALSE
	EndGlobalSection
	GlobalSection(ExtensibilityGlobals) = postSolution
		SolutionGuid = {C67850FC-33B0-4BC4-8FF4-DDCDA6486D0E}
	EndGlobalSection
EndGlobal
